// !$*UTF8*$!
{
	archiveVersion = 1;
	classes = {
	};
	objectVersion = 48;
	objects = {

/* Begin PBXBuildFile section */
		3244022A2043F31E00120EDB /* AppDelegate.m in Sources */ = {isa = PBXBuildFile; fileRef = 324402292043F31E00120EDB /* AppDelegate.m */; };
		3244022D2043F31E00120EDB /* ViewController.m in Sources */ = {isa = PBXBuildFile; fileRef = 3244022C2043F31E00120EDB /* ViewController.m */; };
		324402302043F31E00120EDB /* Main.storyboard in Resources */ = {isa = PBXBuildFile; fileRef = 3244022E2043F31E00120EDB /* Main.storyboard */; };
		324402322043F31E00120EDB /* Assets.xcassets in Resources */ = {isa = PBXBuildFile; fileRef = 324402312043F31E00120EDB /* Assets.xcassets */; };
		324402352043F31E00120EDB /* LaunchScreen.storyboard in Resources */ = {isa = PBXBuildFile; fileRef = 324402332043F31E00120EDB /* LaunchScreen.storyboard */; };
		324402382043F31E00120EDB /* main.m in Sources */ = {isa = PBXBuildFile; fileRef = 324402372043F31E00120EDB /* main.m */; };
		324402422043F31E00120EDB /* WBMagicMoveTransitionTests.m in Sources */ = {isa = PBXBuildFile; fileRef = 324402412043F31E00120EDB /* WBMagicMoveTransitionTests.m */; };
		3244024D2043F31E00120EDB /* WBMagicMoveTransitionUITests.m in Sources */ = {isa = PBXBuildFile; fileRef = 3244024C2043F31E00120EDB /* WBMagicMoveTransitionUITests.m */; };
		3244025C2043FA3C00120EDB /* TransitionViewController.m in Sources */ = {isa = PBXBuildFile; fileRef = 3244025B2043FA3C00120EDB /* TransitionViewController.m */; };
		324402782043FBB000120EDB /* NSLayoutConstraint+MASDebugAdditions.m in Sources */ = {isa = PBXBuildFile; fileRef = 3244025F2043FBB000120EDB /* NSLayoutConstraint+MASDebugAdditions.m */; };
		324402792043FBB000120EDB /* ViewController+MASAdditions.m in Sources */ = {isa = PBXBuildFile; fileRef = 324402682043FBB000120EDB /* ViewController+MASAdditions.m */; };
		3244027A2043FBB000120EDB /* MASCompositeConstraint.m in Sources */ = {isa = PBXBuildFile; fileRef = 3244026C2043FBB000120EDB /* MASCompositeConstraint.m */; };
		3244027B2043FBB000120EDB /* MASConstraintMaker.m in Sources */ = {isa = PBXBuildFile; fileRef = 3244026D2043FBB000120EDB /* MASConstraintMaker.m */; };
		3244027C2043FBB000120EDB /* MASLayoutConstraint.m in Sources */ = {isa = PBXBuildFile; fileRef = 3244026E2043FBB000120EDB /* MASLayoutConstraint.m */; };
		3244027D2043FBB000120EDB /* NSArray+MASAdditions.m in Sources */ = {isa = PBXBuildFile; fileRef = 3244026F2043FBB000120EDB /* NSArray+MASAdditions.m */; };
		3244027E2043FBB000120EDB /* View+MASAdditions.m in Sources */ = {isa = PBXBuildFile; fileRef = 324402702043FBB000120EDB /* View+MASAdditions.m */; };
		3244027F2043FBB000120EDB /* MASConstraint.m in Sources */ = {isa = PBXBuildFile; fileRef = 324402732043FBB000120EDB /* MASConstraint.m */; };
		324402802043FBB000120EDB /* MASViewConstraint.m in Sources */ = {isa = PBXBuildFile; fileRef = 324402752043FBB000120EDB /* MASViewConstraint.m */; };
		324402812043FBB000120EDB /* MASViewAttribute.m in Sources */ = {isa = PBXBuildFile; fileRef = 324402762043FBB000120EDB /* MASViewAttribute.m */; };
		324402822043FBB000120EDB /* Info.plist in Resources */ = {isa = PBXBuildFile; fileRef = 324402772043FBB000120EDB /* Info.plist */; };
		324402882043FF1700120EDB /* HomeProjectCell.m in Sources */ = {isa = PBXBuildFile; fileRef = 324402872043FF1700120EDB /* HomeProjectCell.m */; };
		3244028B2044003600120EDB /* UILabel+Common.m in Sources */ = {isa = PBXBuildFile; fileRef = 324402892044003500120EDB /* UILabel+Common.m */; };
		3244028E204402F800120EDB /* WBMagicMoveTransition.m in Sources */ = {isa = PBXBuildFile; fileRef = 3244028D204402F800120EDB /* WBMagicMoveTransition.m */; };
		324402932044045C00120EDB /* WBMagicMoveInverseTransition.m in Sources */ = {isa = PBXBuildFile; fileRef = 324402922044045C00120EDB /* WBMagicMoveInverseTransition.m */; };
		32440296204405FF00120EDB /* ZJEnterpriseViewHeader.m in Sources */ = {isa = PBXBuildFile; fileRef = 32440294204405FF00120EDB /* ZJEnterpriseViewHeader.m */; };
		324402992044064D00120EDB /* SFCommonBaseView.m in Sources */ = {isa = PBXBuildFile; fileRef = 324402982044064D00120EDB /* SFCommonBaseView.m */; };
/* End PBXBuildFile section */

/* Begin PBXContainerItemProxy section */
		3244023E2043F31E00120EDB /* PBXContainerItemProxy */ = {
			isa = PBXContainerItemProxy;
			containerPortal = 3244021D2043F31E00120EDB /* Project object */;
			proxyType = 1;
			remoteGlobalIDString = 324402242043F31E00120EDB;
			remoteInfo = WBMagicMoveTransition;
		};
		324402492043F31E00120EDB /* PBXContainerItemProxy */ = {
			isa = PBXContainerItemProxy;
			containerPortal = 3244021D2043F31E00120EDB /* Project object */;
			proxyType = 1;
			remoteGlobalIDString = 324402242043F31E00120EDB;
			remoteInfo = WBMagicMoveTransition;
		};
/* End PBXContainerItemProxy section */

/* Begin PBXFileReference section */
		324402252043F31E00120EDB /* WBMagicMoveTransition.app */ = {isa = PBXFileReference; explicitFileType = wrapper.application; includeInIndex = 0; path = WBMagicMoveTransition.app; sourceTree = BUILT_PRODUCTS_DIR; };
		324402282043F31E00120EDB /* AppDelegate.h */ = {isa = PBXFileReference; lastKnownFileType = sourcecode.c.h; path = AppDelegate.h; sourceTree = "<group>"; };
		324402292043F31E00120EDB /* AppDelegate.m */ = {isa = PBXFileReference; lastKnownFileType = sourcecode.c.objc; path = AppDelegate.m; sourceTree = "<group>"; };
		3244022B2043F31E00120EDB /* ViewController.h */ = {isa = PBXFileReference; lastKnownFileType = sourcecode.c.h; path = ViewController.h; sourceTree = "<group>"; };
		3244022C2043F31E00120EDB /* ViewController.m */ = {isa = PBXFileReference; lastKnownFileType = sourcecode.c.objc; path = ViewController.m; sourceTree = "<group>"; };
		3244022F2043F31E00120EDB /* Base */ = {isa = PBXFileReference; lastKnownFileType = file.storyboard; name = Base; path = Base.lproj/Main.storyboard; sourceTree = "<group>"; };
		324402312043F31E00120EDB /* Assets.xcassets */ = {isa = PBXFileReference; lastKnownFileType = folder.assetcatalog; path = Assets.xcassets; sourceTree = "<group>"; };
		324402342043F31E00120EDB /* Base */ = {isa = PBXFileReference; lastKnownFileType = file.storyboard; name = Base; path = Base.lproj/LaunchScreen.storyboard; sourceTree = "<group>"; };
		324402362043F31E00120EDB /* Info.plist */ = {isa = PBXFileReference; lastKnownFileType = text.plist.xml; path = Info.plist; sourceTree = "<group>"; };
		324402372043F31E00120EDB /* main.m */ = {isa = PBXFileReference; lastKnownFileType = sourcecode.c.objc; path = main.m; sourceTree = "<group>"; };
		3244023D2043F31E00120EDB /* WBMagicMoveTransitionTests.xctest */ = {isa = PBXFileReference; explicitFileType = wrapper.cfbundle; includeInIndex = 0; path = WBMagicMoveTransitionTests.xctest; sourceTree = BUILT_PRODUCTS_DIR; };
		324402412043F31E00120EDB /* WBMagicMoveTransitionTests.m */ = {isa = PBXFileReference; lastKnownFileType = sourcecode.c.objc; path = WBMagicMoveTransitionTests.m; sourceTree = "<group>"; };
		324402432043F31E00120EDB /* Info.plist */ = {isa = PBXFileReference; lastKnownFileType = text.plist.xml; path = Info.plist; sourceTree = "<group>"; };
		324402482043F31E00120EDB /* WBMagicMoveTransitionUITests.xctest */ = {isa = PBXFileReference; explicitFileType = wrapper.cfbundle; includeInIndex = 0; path = WBMagicMoveTransitionUITests.xctest; sourceTree = BUILT_PRODUCTS_DIR; };
		3244024C2043F31E00120EDB /* WBMagicMoveTransitionUITests.m */ = {isa = PBXFileReference; lastKnownFileType = sourcecode.c.objc; path = WBMagicMoveTransitionUITests.m; sourceTree = "<group>"; };
		3244024E2043F31E00120EDB /* Info.plist */ = {isa = PBXFileReference; lastKnownFileType = text.plist.xml; path = Info.plist; sourceTree = "<group>"; };
		3244025A2043FA3C00120EDB /* TransitionViewController.h */ = {isa = PBXFileReference; lastKnownFileType = sourcecode.c.h; path = TransitionViewController.h; sourceTree = "<group>"; };
		3244025B2043FA3C00120EDB /* TransitionViewController.m */ = {isa = PBXFileReference; lastKnownFileType = sourcecode.c.objc; path = TransitionViewController.m; sourceTree = "<group>"; };
		3244025E2043FBB000120EDB /* MASCompositeConstraint.h */ = {isa = PBXFileReference; fileEncoding = 4; lastKnownFileType = sourcecode.c.h; path = MASCompositeConstraint.h; sourceTree = "<group>"; };
		3244025F2043FBB000120EDB /* NSLayoutConstraint+MASDebugAdditions.m */ = {isa = PBXFileReference; fileEncoding = 4; lastKnownFileType = sourcecode.c.objc; path = "NSLayoutConstraint+MASDebugAdditions.m"; sourceTree = "<group>"; };
		324402602043FBB000120EDB /* MASConstraint+Private.h */ = {isa = PBXFileReference; fileEncoding = 4; lastKnownFileType = sourcecode.c.h; path = "MASConstraint+Private.h"; sourceTree = "<group>"; };
		324402612043FBB000120EDB /* MASLayoutConstraint.h */ = {isa = PBXFileReference; fileEncoding = 4; lastKnownFileType = sourcecode.c.h; path = MASLayoutConstraint.h; sourceTree = "<group>"; };
		324402622043FBB000120EDB /* NSArray+MASShorthandAdditions.h */ = {isa = PBXFileReference; fileEncoding = 4; lastKnownFileType = sourcecode.c.h; path = "NSArray+MASShorthandAdditions.h"; sourceTree = "<group>"; };
		324402632043FBB000120EDB /* MASConstraintMaker.h */ = {isa = PBXFileReference; fileEncoding = 4; lastKnownFileType = sourcecode.c.h; path = MASConstraintMaker.h; sourceTree = "<group>"; };
		324402642043FBB000120EDB /* View+MASAdditions.h */ = {isa = PBXFileReference; fileEncoding = 4; lastKnownFileType = sourcecode.c.h; path = "View+MASAdditions.h"; sourceTree = "<group>"; };
		324402652043FBB000120EDB /* NSArray+MASAdditions.h */ = {isa = PBXFileReference; fileEncoding = 4; lastKnownFileType = sourcecode.c.h; path = "NSArray+MASAdditions.h"; sourceTree = "<group>"; };
		324402662043FBB000120EDB /* MASUtilities.h */ = {isa = PBXFileReference; fileEncoding = 4; lastKnownFileType = sourcecode.c.h; path = MASUtilities.h; sourceTree = "<group>"; };
		324402672043FBB000120EDB /* MASViewAttribute.h */ = {isa = PBXFileReference; fileEncoding = 4; lastKnownFileType = sourcecode.c.h; path = MASViewAttribute.h; sourceTree = "<group>"; };
		324402682043FBB000120EDB /* ViewController+MASAdditions.m */ = {isa = PBXFileReference; fileEncoding = 4; lastKnownFileType = sourcecode.c.objc; path = "ViewController+MASAdditions.m"; sourceTree = "<group>"; };
		324402692043FBB000120EDB /* MASViewConstraint.h */ = {isa = PBXFileReference; fileEncoding = 4; lastKnownFileType = sourcecode.c.h; path = MASViewConstraint.h; sourceTree = "<group>"; };
		3244026A2043FBB000120EDB /* MASConstraint.h */ = {isa = PBXFileReference; fileEncoding = 4; lastKnownFileType = sourcecode.c.h; path = MASConstraint.h; sourceTree = "<group>"; };
		3244026B2043FBB000120EDB /* NSLayoutConstraint+MASDebugAdditions.h */ = {isa = PBXFileReference; fileEncoding = 4; lastKnownFileType = sourcecode.c.h; path = "NSLayoutConstraint+MASDebugAdditions.h"; sourceTree = "<group>"; };
		3244026C2043FBB000120EDB /* MASCompositeConstraint.m */ = {isa = PBXFileReference; fileEncoding = 4; lastKnownFileType = sourcecode.c.objc; path = MASCompositeConstraint.m; sourceTree = "<group>"; };
		3244026D2043FBB000120EDB /* MASConstraintMaker.m */ = {isa = PBXFileReference; fileEncoding = 4; lastKnownFileType = sourcecode.c.objc; path = MASConstraintMaker.m; sourceTree = "<group>"; };
		3244026E2043FBB000120EDB /* MASLayoutConstraint.m */ = {isa = PBXFileReference; fileEncoding = 4; lastKnownFileType = sourcecode.c.objc; path = MASLayoutConstraint.m; sourceTree = "<group>"; };
		3244026F2043FBB000120EDB /* NSArray+MASAdditions.m */ = {isa = PBXFileReference; fileEncoding = 4; lastKnownFileType = sourcecode.c.objc; path = "NSArray+MASAdditions.m"; sourceTree = "<group>"; };
		324402702043FBB000120EDB /* View+MASAdditions.m */ = {isa = PBXFileReference; fileEncoding = 4; lastKnownFileType = sourcecode.c.objc; path = "View+MASAdditions.m"; sourceTree = "<group>"; };
		324402712043FBB000120EDB /* View+MASShorthandAdditions.h */ = {isa = PBXFileReference; fileEncoding = 4; lastKnownFileType = sourcecode.c.h; path = "View+MASShorthandAdditions.h"; sourceTree = "<group>"; };
		324402722043FBB000120EDB /* Masonry.h */ = {isa = PBXFileReference; fileEncoding = 4; lastKnownFileType = sourcecode.c.h; path = Masonry.h; sourceTree = "<group>"; };
		324402732043FBB000120EDB /* MASConstraint.m */ = {isa = PBXFileReference; fileEncoding = 4; lastKnownFileType = sourcecode.c.objc; path = MASConstraint.m; sourceTree = "<group>"; };
		324402742043FBB000120EDB /* ViewController+MASAdditions.h */ = {isa = PBXFileReference; fileEncoding = 4; lastKnownFileType = sourcecode.c.h; path = "ViewController+MASAdditions.h"; sourceTree = "<group>"; };
		324402752043FBB000120EDB /* MASViewConstraint.m */ = {isa = PBXFileReference; fileEncoding = 4; lastKnownFileType = sourcecode.c.objc; path = MASViewConstraint.m; sourceTree = "<group>"; };
		324402762043FBB000120EDB /* MASViewAttribute.m */ = {isa = PBXFileReference; fileEncoding = 4; lastKnownFileType = sourcecode.c.objc; path = MASViewAttribute.m; sourceTree = "<group>"; };
		324402772043FBB000120EDB /* Info.plist */ = {isa = PBXFileReference; fileEncoding = 4; lastKnownFileType = text.plist.xml; path = Info.plist; sourceTree = "<group>"; };
		324402862043FF1700120EDB /* HomeProjectCell.h */ = {isa = PBXFileReference; fileEncoding = 4; lastKnownFileType = sourcecode.c.h; path = HomeProjectCell.h; sourceTree = "<group>"; };
		324402872043FF1700120EDB /* HomeProjectCell.m */ = {isa = PBXFileReference; fileEncoding = 4; lastKnownFileType = sourcecode.c.objc; path = HomeProjectCell.m; sourceTree = "<group>"; };
		324402892044003500120EDB /* UILabel+Common.m */ = {isa = PBXFileReference; fileEncoding = 4; lastKnownFileType = sourcecode.c.objc; path = "UILabel+Common.m"; sourceTree = "<group>"; };
		3244028A2044003600120EDB /* UILabel+Common.h */ = {isa = PBXFileReference; fileEncoding = 4; lastKnownFileType = sourcecode.c.h; path = "UILabel+Common.h"; sourceTree = "<group>"; };
		3244028C204402F800120EDB /* WBMagicMoveTransition.h */ = {isa = PBXFileReference; lastKnownFileType = sourcecode.c.h; path = WBMagicMoveTransition.h; sourceTree = "<group>"; };
		3244028D204402F800120EDB /* WBMagicMoveTransition.m */ = {isa = PBXFileReference; lastKnownFileType = sourcecode.c.objc; path = WBMagicMoveTransition.m; sourceTree = "<group>"; };
		324402912044045C00120EDB /* WBMagicMoveInverseTransition.h */ = {isa = PBXFileReference; lastKnownFileType = sourcecode.c.h; path = WBMagicMoveInverseTransition.h; sourceTree = "<group>"; };
		324402922044045C00120EDB /* WBMagicMoveInverseTransition.m */ = {isa = PBXFileReference; lastKnownFileType = sourcecode.c.objc; path = WBMagicMoveInverseTransition.m; sourceTree = "<group>"; };
		32440294204405FF00120EDB /* ZJEnterpriseViewHeader.m */ = {isa = PBXFileReference; fileEncoding = 4; lastKnownFileType = sourcecode.c.objc; path = ZJEnterpriseViewHeader.m; sourceTree = "<group>"; };
		32440295204405FF00120EDB /* ZJEnterpriseViewHeader.h */ = {isa = PBXFileReference; fileEncoding = 4; lastKnownFileType = sourcecode.c.h; path = ZJEnterpriseViewHeader.h; sourceTree = "<group>"; };
		324402972044064D00120EDB /* SFCommonBaseView.h */ = {isa = PBXFileReference; fileEncoding = 4; lastKnownFileType = sourcecode.c.h; path = SFCommonBaseView.h; sourceTree = "<group>"; };
		324402982044064D00120EDB /* SFCommonBaseView.m */ = {isa = PBXFileReference; fileEncoding = 4; lastKnownFileType = sourcecode.c.objc; path = SFCommonBaseView.m; sourceTree = "<group>"; };
/* End PBXFileReference section */

/* Begin PBXFrameworksBuildPhase section */
		324402222043F31E00120EDB /* Frameworks */ = {
			isa = PBXFrameworksBuildPhase;
			buildActionMask = 2147483647;
			files = (
			);
			runOnlyForDeploymentPostprocessing = 0;
		};
		3244023A2043F31E00120EDB /* Frameworks */ = {
			isa = PBXFrameworksBuildPhase;
			buildActionMask = 2147483647;
			files = (
			);
			runOnlyForDeploymentPostprocessing = 0;
		};
		324402452043F31E00120EDB /* Frameworks */ = {
			isa = PBXFrameworksBuildPhase;
			buildActionMask = 2147483647;
			files = (
			);
			runOnlyForDeploymentPostprocessing = 0;
		};
/* End PBXFrameworksBuildPhase section */

/* Begin PBXGroup section */
		3244021C2043F31E00120EDB = {
			isa = PBXGroup;
			children = (
				324402272043F31E00120EDB /* WBMagicMoveTransition */,
				324402402043F31E00120EDB /* WBMagicMoveTransitionTests */,
				3244024B2043F31E00120EDB /* WBMagicMoveTransitionUITests */,
				324402262043F31E00120EDB /* Products */,
			);
			sourceTree = "<group>";
		};
		324402262043F31E00120EDB /* Products */ = {
			isa = PBXGroup;
			children = (
				324402252043F31E00120EDB /* WBMagicMoveTransition.app */,
				3244023D2043F31E00120EDB /* WBMagicMoveTransitionTests.xctest */,
				324402482043F31E00120EDB /* WBMagicMoveTransitionUITests.xctest */,
			);
			name = Products;
			sourceTree = "<group>";
		};
		324402272043F31E00120EDB /* WBMagicMoveTransition */ = {
			isa = PBXGroup;
			children = (
				3244025D2043FBB000120EDB /* Masonry */,
				324402282043F31E00120EDB /* AppDelegate.h */,
				324402292043F31E00120EDB /* AppDelegate.m */,
				3244022B2043F31E00120EDB /* ViewController.h */,
				3244022C2043F31E00120EDB /* ViewController.m */,
				3244025A2043FA3C00120EDB /* TransitionViewController.h */,
				3244025B2043FA3C00120EDB /* TransitionViewController.m */,
				3244028F2044031200120EDB /* MagicMoveTransition */,
				324402902044032000120EDB /* View */,
				3244022E2043F31E00120EDB /* Main.storyboard */,
				324402312043F31E00120EDB /* Assets.xcassets */,
				324402332043F31E00120EDB /* LaunchScreen.storyboard */,
				324402362043F31E00120EDB /* Info.plist */,
				324402372043F31E00120EDB /* main.m */,
			);
			path = WBMagicMoveTransition;
			sourceTree = "<group>";
		};
		324402402043F31E00120EDB /* WBMagicMoveTransitionTests */ = {
			isa = PBXGroup;
			children = (
				324402412043F31E00120EDB /* WBMagicMoveTransitionTests.m */,
				324402432043F31E00120EDB /* Info.plist */,
			);
			path = WBMagicMoveTransitionTests;
			sourceTree = "<group>";
		};
		3244024B2043F31E00120EDB /* WBMagicMoveTransitionUITests */ = {
			isa = PBXGroup;
			children = (
				3244024C2043F31E00120EDB /* WBMagicMoveTransitionUITests.m */,
				3244024E2043F31E00120EDB /* Info.plist */,
			);
			path = WBMagicMoveTransitionUITests;
			sourceTree = "<group>";
		};
		3244025D2043FBB000120EDB /* Masonry */ = {
			isa = PBXGroup;
			children = (
				3244025E2043FBB000120EDB /* MASCompositeConstraint.h */,
				3244025F2043FBB000120EDB /* NSLayoutConstraint+MASDebugAdditions.m */,
				324402602043FBB000120EDB /* MASConstraint+Private.h */,
				324402612043FBB000120EDB /* MASLayoutConstraint.h */,
				324402622043FBB000120EDB /* NSArray+MASShorthandAdditions.h */,
				324402632043FBB000120EDB /* MASConstraintMaker.h */,
				324402642043FBB000120EDB /* View+MASAdditions.h */,
				324402652043FBB000120EDB /* NSArray+MASAdditions.h */,
				324402662043FBB000120EDB /* MASUtilities.h */,
				324402672043FBB000120EDB /* MASViewAttribute.h */,
				324402682043FBB000120EDB /* ViewController+MASAdditions.m */,
				324402692043FBB000120EDB /* MASViewConstraint.h */,
				3244026A2043FBB000120EDB /* MASConstraint.h */,
				3244026B2043FBB000120EDB /* NSLayoutConstraint+MASDebugAdditions.h */,
				3244026C2043FBB000120EDB /* MASCompositeConstraint.m */,
				3244026D2043FBB000120EDB /* MASConstraintMaker.m */,
				3244026E2043FBB000120EDB /* MASLayoutConstraint.m */,
				3244026F2043FBB000120EDB /* NSArray+MASAdditions.m */,
				324402702043FBB000120EDB /* View+MASAdditions.m */,
				324402712043FBB000120EDB /* View+MASShorthandAdditions.h */,
				324402722043FBB000120EDB /* Masonry.h */,
				324402732043FBB000120EDB /* MASConstraint.m */,
				324402742043FBB000120EDB /* ViewController+MASAdditions.h */,
				324402752043FBB000120EDB /* MASViewConstraint.m */,
				324402762043FBB000120EDB /* MASViewAttribute.m */,
				324402772043FBB000120EDB /* Info.plist */,
			);
			path = Masonry;
			sourceTree = "<group>";
		};
		3244028F2044031200120EDB /* MagicMoveTransition */ = {
			isa = PBXGroup;
			children = (
				3244028C204402F800120EDB /* WBMagicMoveTransition.h */,
				3244028D204402F800120EDB /* WBMagicMoveTransition.m */,
				324402912044045C00120EDB /* WBMagicMoveInverseTransition.h */,
				324402922044045C00120EDB /* WBMagicMoveInverseTransition.m */,
			);
			path = MagicMoveTransition;
			sourceTree = "<group>";
		};
		324402902044032000120EDB /* View */ = {
			isa = PBXGroup;
			children = (
				324402862043FF1700120EDB /* HomeProjectCell.h */,
				324402872043FF1700120EDB /* HomeProjectCell.m */,
				324402972044064D00120EDB /* SFCommonBaseView.h */,
				324402982044064D00120EDB /* SFCommonBaseView.m */,
				32440295204405FF00120EDB /* ZJEnterpriseViewHeader.h */,
				32440294204405FF00120EDB /* ZJEnterpriseViewHeader.m */,
				3244028A2044003600120EDB /* UILabel+Common.h */,
				324402892044003500120EDB /* UILabel+Common.m */,
			);
			path = View;
			sourceTree = "<group>";
		};
/* End PBXGroup section */

/* Begin PBXNativeTarget section */
		324402242043F31E00120EDB /* WBMagicMoveTransition */ = {
			isa = PBXNativeTarget;
			buildConfigurationList = 324402512043F31E00120EDB /* Build configuration list for PBXNativeTarget "WBMagicMoveTransition" */;
			buildPhases = (
				324402212043F31E00120EDB /* Sources */,
				324402222043F31E00120EDB /* Frameworks */,
				324402232043F31E00120EDB /* Resources */,
			);
			buildRules = (
			);
			dependencies = (
			);
			name = WBMagicMoveTransition;
			productName = WBMagicMoveTransition;
			productReference = 324402252043F31E00120EDB /* WBMagicMoveTransition.app */;
			productType = "com.apple.product-type.application";
		};
		3244023C2043F31E00120EDB /* WBMagicMoveTransitionTests */ = {
			isa = PBXNativeTarget;
			buildConfigurationList = 324402542043F31E00120EDB /* Build configuration list for PBXNativeTarget "WBMagicMoveTransitionTests" */;
			buildPhases = (
				324402392043F31E00120EDB /* Sources */,
				3244023A2043F31E00120EDB /* Frameworks */,
				3244023B2043F31E00120EDB /* Resources */,
			);
			buildRules = (
			);
			dependencies = (
				3244023F2043F31E00120EDB /* PBXTargetDependency */,
			);
			name = WBMagicMoveTransitionTests;
			productName = WBMagicMoveTransitionTests;
			productReference = 3244023D2043F31E00120EDB /* WBMagicMoveTransitionTests.xctest */;
			productType = "com.apple.product-type.bundle.unit-test";
		};
		324402472043F31E00120EDB /* WBMagicMoveTransitionUITests */ = {
			isa = PBXNativeTarget;
			buildConfigurationList = 324402572043F31E00120EDB /* Build configuration list for PBXNativeTarget "WBMagicMoveTransitionUITests" */;
			buildPhases = (
				324402442043F31E00120EDB /* Sources */,
				324402452043F31E00120EDB /* Frameworks */,
				324402462043F31E00120EDB /* Resources */,
			);
			buildRules = (
			);
			dependencies = (
				3244024A2043F31E00120EDB /* PBXTargetDependency */,
			);
			name = WBMagicMoveTransitionUITests;
			productName = WBMagicMoveTransitionUITests;
			productReference = 324402482043F31E00120EDB /* WBMagicMoveTransitionUITests.xctest */;
			productType = "com.apple.product-type.bundle.ui-testing";
		};
/* End PBXNativeTarget section */

/* Begin PBXProject section */
		3244021D2043F31E00120EDB /* Project object */ = {
			isa = PBXProject;
			attributes = {
				LastUpgradeCheck = 0920;
				ORGANIZATIONNAME = "王博";
				TargetAttributes = {
					324402242043F31E00120EDB = {
						CreatedOnToolsVersion = 9.2;
						ProvisioningStyle = Automatic;
					};
					3244023C2043F31E00120EDB = {
						CreatedOnToolsVersion = 9.2;
						ProvisioningStyle = Automatic;
						TestTargetID = 324402242043F31E00120EDB;
					};
					324402472043F31E00120EDB = {
						CreatedOnToolsVersion = 9.2;
						ProvisioningStyle = Automatic;
						TestTargetID = 324402242043F31E00120EDB;
					};
				};
			};
			buildConfigurationList = 324402202043F31E00120EDB /* Build configuration list for PBXProject "WBMagicMoveTransition" */;
			compatibilityVersion = "Xcode 8.0";
			developmentRegion = en;
			hasScannedForEncodings = 0;
			knownRegions = (
				en,
				Base,
			);
			mainGroup = 3244021C2043F31E00120EDB;
			productRefGroup = 324402262043F31E00120EDB /* Products */;
			projectDirPath = "";
			projectRoot = "";
			targets = (
				324402242043F31E00120EDB /* WBMagicMoveTransition */,
				3244023C2043F31E00120EDB /* WBMagicMoveTransitionTests */,
				324402472043F31E00120EDB /* WBMagicMoveTransitionUITests */,
			);
		};
/* End PBXProject section */

/* Begin PBXResourcesBuildPhase section */
		324402232043F31E00120EDB /* Resources */ = {
			isa = PBXResourcesBuildPhase;
			buildActionMask = 2147483647;
			files = (
				324402822043FBB000120EDB /* Info.plist in Resources */,
				324402352043F31E00120EDB /* LaunchScreen.storyboard in Resources */,
				324402322043F31E00120EDB /* Assets.xcassets in Resources */,
				324402302043F31E00120EDB /* Main.storyboard in Resources */,
			);
			runOnlyForDeploymentPostprocessing = 0;
		};
		3244023B2043F31E00120EDB /* Resources */ = {
			isa = PBXResourcesBuildPhase;
			buildActionMask = 2147483647;
			files = (
			);
			runOnlyForDeploymentPostprocessing = 0;
		};
		324402462043F31E00120EDB /* Resources */ = {
			isa = PBXResourcesBuildPhase;
			buildActionMask = 2147483647;
			files = (
			);
			runOnlyForDeploymentPostprocessing = 0;
		};
/* End PBXResourcesBuildPhase section */

/* Begin PBXSourcesBuildPhase section */
		324402212043F31E00120EDB /* Sources */ = {
			isa = PBXSourcesBuildPhase;
			buildActionMask = 2147483647;
			files = (
				324402802043FBB000120EDB /* MASViewConstraint.m in Sources */,
				324402812043FBB000120EDB /* MASViewAttribute.m in Sources */,
				324402882043FF1700120EDB /* HomeProjectCell.m in Sources */,
				3244022D2043F31E00120EDB /* ViewController.m in Sources */,
				324402382043F31E00120EDB /* main.m in Sources */,
				3244027D2043FBB000120EDB /* NSArray+MASAdditions.m in Sources */,
				324402792043FBB000120EDB /* ViewController+MASAdditions.m in Sources */,
				32440296204405FF00120EDB /* ZJEnterpriseViewHeader.m in Sources */,
				3244027A2043FBB000120EDB /* MASCompositeConstraint.m in Sources */,
				3244022A2043F31E00120EDB /* AppDelegate.m in Sources */,
				3244027E2043FBB000120EDB /* View+MASAdditions.m in Sources */,
				3244027B2043FBB000120EDB /* MASConstraintMaker.m in Sources */,
				3244027F2043FBB000120EDB /* MASConstraint.m in Sources */,
				324402782043FBB000120EDB /* NSLayoutConstraint+MASDebugAdditions.m in Sources */,
				3244028B2044003600120EDB /* UILabel+Common.m in Sources */,
				3244027C2043FBB000120EDB /* MASLayoutConstraint.m in Sources */,
				3244028E204402F800120EDB /* WBMagicMoveTransition.m in Sources */,
				324402992044064D00120EDB /* SFCommonBaseView.m in Sources */,
				3244025C2043FA3C00120EDB /* TransitionViewController.m in Sources */,
				324402932044045C00120EDB /* WBMagicMoveInverseTransition.m in Sources */,
			);
			runOnlyForDeploymentPostprocessing = 0;
		};
		324402392043F31E00120EDB /* Sources */ = {
			isa = PBXSourcesBuildPhase;
			buildActionMask = 2147483647;
			files = (
				324402422043F31E00120EDB /* WBMagicMoveTransitionTests.m in Sources */,
			);
			runOnlyForDeploymentPostprocessing = 0;
		};
		324402442043F31E00120EDB /* Sources */ = {
			isa = PBXSourcesBuildPhase;
			buildActionMask = 2147483647;
			files = (
				3244024D2043F31E00120EDB /* WBMagicMoveTransitionUITests.m in Sources */,
			);
			runOnlyForDeploymentPostprocessing = 0;
		};
/* End PBXSourcesBuildPhase section */

/* Begin PBXTargetDependency section */
		3244023F2043F31E00120EDB /* PBXTargetDependency */ = {
			isa = PBXTargetDependency;
			target = 324402242043F31E00120EDB /* WBMagicMoveTransition */;
			targetProxy = 3244023E2043F31E00120EDB /* PBXContainerItemProxy */;
		};
		3244024A2043F31E00120EDB /* PBXTargetDependency */ = {
			isa = PBXTargetDependency;
			target = 324402242043F31E00120EDB /* WBMagicMoveTransition */;
			targetProxy = 324402492043F31E00120EDB /* PBXContainerItemProxy */;
		};
/* End PBXTargetDependency section */

/* Begin PBXVariantGroup section */
		3244022E2043F31E00120EDB /* Main.storyboard */ = {
			isa = PBXVariantGroup;
			children = (
				3244022F2043F31E00120EDB /* Base */,
			);
			name = Main.storyboard;
			sourceTree = "<group>";
		};
		324402332043F31E00120EDB /* LaunchScreen.storyboard */ = {
			isa = PBXVariantGroup;
			children = (
				324402342043F31E00120EDB /* Base */,
			);
			name = LaunchScreen.storyboard;
			sourceTree = "<group>";
		};
/* End PBXVariantGroup section */

/* Begin XCBuildConfiguration section */
		3244024F2043F31E00120EDB /* Debug */ = {
			isa = XCBuildConfiguration;
			buildSettings = {
				ALWAYS_SEARCH_USER_PATHS = NO;
				CLANG_ANALYZER_NONNULL = YES;
				CLANG_ANALYZER_NUMBER_OBJECT_CONVERSION = YES_AGGRESSIVE;
				CLANG_CXX_LANGUAGE_STANDARD = "gnu++14";
				CLANG_CXX_LIBRARY = "libc++";
				CLANG_ENABLE_MODULES = YES;
				CLANG_ENABLE_OBJC_ARC = YES;
				CLANG_WARN_BLOCK_CAPTURE_AUTORELEASING = YES;
				CLANG_WARN_BOOL_CONVERSION = YES;
				CLANG_WARN_COMMA = YES;
				CLANG_WARN_CONSTANT_CONVERSION = YES;
				CLANG_WARN_DIRECT_OBJC_ISA_USAGE = YES_ERROR;
				CLANG_WARN_DOCUMENTATION_COMMENTS = YES;
				CLANG_WARN_EMPTY_BODY = YES;
				CLANG_WARN_ENUM_CONVERSION = YES;
				CLANG_WARN_INFINITE_RECURSION = YES;
				CLANG_WARN_INT_CONVERSION = YES;
				CLANG_WARN_NON_LITERAL_NULL_CONVERSION = YES;
				CLANG_WARN_OBJC_LITERAL_CONVERSION = YES;
				CLANG_WARN_OBJC_ROOT_CLASS = YES_ERROR;
				CLANG_WARN_RANGE_LOOP_ANALYSIS = YES;
				CLANG_WARN_STRICT_PROTOTYPES = YES;
				CLANG_WARN_SUSPICIOUS_MOVE = YES;
				CLANG_WARN_UNGUARDED_AVAILABILITY = YES_AGGRESSIVE;
				CLANG_WARN_UNREACHABLE_CODE = YES;
				CLANG_WARN__DUPLICATE_METHOD_MATCH = YES;
				CODE_SIGN_IDENTITY = "iPhone Developer";
				COPY_PHASE_STRIP = NO;
				DEBUG_INFORMATION_FORMAT = dwarf;
				ENABLE_STRICT_OBJC_MSGSEND = YES;
				ENABLE_TESTABILITY = YES;
				GCC_C_LANGUAGE_STANDARD = gnu11;
				GCC_DYNAMIC_NO_PIC = NO;
				GCC_NO_COMMON_BLOCKS = YES;
				GCC_OPTIMIZATION_LEVEL = 0;
				GCC_PREPROCESSOR_DEFINITIONS = (
					"DEBUG=1",
					"$(inherited)",
				);
				GCC_WARN_64_TO_32_BIT_CONVERSION = YES;
				GCC_WARN_ABOUT_RETURN_TYPE = YES_ERROR;
				GCC_WARN_UNDECLARED_SELECTOR = YES;
				GCC_WARN_UNINITIALIZED_AUTOS = YES_AGGRESSIVE;
				GCC_WARN_UNUSED_FUNCTION = YES;
				GCC_WARN_UNUSED_VARIABLE = YES;
				IPHONEOS_DEPLOYMENT_TARGET = 11.2;
				MTL_ENABLE_DEBUG_INFO = YES;
				ONLY_ACTIVE_ARCH = YES;
				SDKROOT = iphoneos;
			};
			name = Debug;
		};
		324402502043F31E00120EDB /* Release */ = {
			isa = XCBuildConfiguration;
			buildSettings = {
				ALWAYS_SEARCH_USER_PATHS = NO;
				CLANG_ANALYZER_NONNULL = YES;
				CLANG_ANALYZER_NUMBER_OBJECT_CONVERSION = YES_AGGRESSIVE;
				CLANG_CXX_LANGUAGE_STANDARD = "gnu++14";
				CLANG_CXX_LIBRARY = "libc++";
				CLANG_ENABLE_MODULES = YES;
				CLANG_ENABLE_OBJC_ARC = YES;
				CLANG_WARN_BLOCK_CAPTURE_AUTORELEASING = YES;
				CLANG_WARN_BOOL_CONVERSION = YES;
				CLANG_WARN_COMMA = YES;
				CLANG_WARN_CONSTANT_CONVERSION = YES;
				CLANG_WARN_DIRECT_OBJC_ISA_USAGE = YES_ERROR;
				CLANG_WARN_DOCUMENTATION_COMMENTS = YES;
				CLANG_WARN_EMPTY_BODY = YES;
				CLANG_WARN_ENUM_CONVERSION = YES;
				CLANG_WARN_INFINITE_RECURSION = YES;
				CLANG_WARN_INT_CONVERSION = YES;
				CLANG_WARN_NON_LITERAL_NULL_CONVERSION = YES;
				CLANG_WARN_OBJC_LITERAL_CONVERSION = YES;
				CLANG_WARN_OBJC_ROOT_CLASS = YES_ERROR;
				CLANG_WARN_RANGE_LOOP_ANALYSIS = YES;
				CLANG_WARN_STRICT_PROTOTYPES = YES;
				CLANG_WARN_SUSPICIOUS_MOVE = YES;
				CLANG_WARN_UNGUARDED_AVAILABILITY = YES_AGGRESSIVE;
				CLANG_WARN_UNREACHABLE_CODE = YES;
				CLANG_WARN__DUPLICATE_METHOD_MATCH = YES;
				CODE_SIGN_IDENTITY = "iPhone Developer";
				COPY_PHASE_STRIP = NO;
				DEBUG_INFORMATION_FORMAT = "dwarf-with-dsym";
				ENABLE_NS_ASSERTIONS = NO;
				ENABLE_STRICT_OBJC_MSGSEND = YES;
				GCC_C_LANGUAGE_STANDARD = gnu11;
				GCC_NO_COMMON_BLOCKS = YES;
				GCC_WARN_64_TO_32_BIT_CONVERSION = YES;
				GCC_WARN_ABOUT_RETURN_TYPE = YES_ERROR;
				GCC_WARN_UNDECLARED_SELECTOR = YES;
				GCC_WARN_UNINITIALIZED_AUTOS = YES_AGGRESSIVE;
				GCC_WARN_UNUSED_FUNCTION = YES;
				GCC_WARN_UNUSED_VARIABLE = YES;
				IPHONEOS_DEPLOYMENT_TARGET = 11.2;
				MTL_ENABLE_DEBUG_INFO = NO;
				SDKROOT = iphoneos;
				VALIDATE_PRODUCT = YES;
			};
			name = Release;
		};
		324402522043F31E00120EDB /* Debug */ = {
			isa = XCBuildConfiguration;
			buildSettings = {
				ASSETCATALOG_COMPILER_APPICON_NAME = AppIcon;
				CODE_SIGN_STYLE = Automatic;
				DEVELOPMENT_TEAM = EY9TK3T3Z2;
				INFOPLIST_FILE = WBMagicMoveTransition/Info.plist;
				LD_RUNPATH_SEARCH_PATHS = "$(inherited) @executable_path/Frameworks";
				PRODUCT_BUNDLE_IDENTIFIER = com.WBO.WBMagicMoveTransition;
				PRODUCT_NAME = "$(TARGET_NAME)";
				TARGETED_DEVICE_FAMILY = "1,2";
			};
			name = Debug;
		};
		324402532043F31E00120EDB /* Release */ = {
			isa = XCBuildConfiguration;
			buildSettings = {
				ASSETCATALOG_COMPILER_APPICON_NAME = AppIcon;
				CODE_SIGN_STYLE = Automatic;
				DEVELOPMENT_TEAM = EY9TK3T3Z2;
				INFOPLIST_FILE = WBMagicMoveTransition/Info.plist;
				LD_RUNPATH_SEARCH_PATHS = "$(inherited) @executable_path/Frameworks";
				PRODUCT_BUNDLE_IDENTIFIER = com.WBO.WBMagicMoveTransition;
				PRODUCT_NAME = "$(TARGET_NAME)";
				TARGETED_DEVICE_FAMILY = "1,2";
			};
			name = Release;
		};
		324402552043F31E00120EDB /* Debug */ = {
			isa = XCBuildConfiguration;
			buildSettings = {
				BUNDLE_LOADER = "$(TEST_HOST)";
				CODE_SIGN_STYLE = Automatic;
				DEVELOPMENT_TEAM = EY9TK3T3Z2;
				INFOPLIST_FILE = WBMagicMoveTransitionTests/Info.plist;
				LD_RUNPATH_SEARCH_PATHS = "$(inherited) @executable_path/Frameworks @loader_path/Frameworks";
				PRODUCT_BUNDLE_IDENTIFIER = com.WBO.WBMagicMoveTransitionTests;
				PRODUCT_NAME = "$(TARGET_NAME)";
				TARGETED_DEVICE_FAMILY = "1,2";
				TEST_HOST = "$(BUILT_PRODUCTS_DIR)/WBMagicMoveTransition.app/WBMagicMoveTransition";
			};
			name = Debug;
		};
		324402562043F31E00120EDB /* Release */ = {
			isa = XCBuildConfiguration;
			buildSettings = {
				BUNDLE_LOADER = "$(TEST_HOST)";
				CODE_SIGN_STYLE = Automatic;
				DEVELOPMENT_TEAM = EY9TK3T3Z2;
				INFOPLIST_FILE = WBMagicMoveTransitionTests/Info.plist;
				LD_RUNPATH_SEARCH_PATHS = "$(inherited) @executable_path/Frameworks @loader_path/Frameworks";
				PRODUCT_BUNDLE_IDENTIFIER = com.WBO.WBMagicMoveTransitionTests;
				PRODUCT_NAME = "$(TARGET_NAME)";
				TARGETED_DEVICE_FAMILY = "1,2";
				TEST_HOST = "$(BUILT_PRODUCTS_DIR)/WBMagicMoveTransition.app/WBMagicMoveTransition";
			};
			name = Release;
		};
		324402582043F31E00120EDB /* Debug */ = {
			isa = XCBuildConfiguration;
			buildSettings = {
				CODE_SIGN_STYLE = Automatic;
				DEVELOPMENT_TEAM = EY9TK3T3Z2;
				INFOPLIST_FILE = WBMagicMoveTransitionUITests/Info.plist;
				LD_RUNPATH_SEARCH_PATHS = "$(inherited) @executable_path/Frameworks @loader_path/Frameworks";
				PRODUCT_BUNDLE_IDENTIFIER = com.WBO.WBMagicMoveTransitionUITests;
				PRODUCT_NAME = "$(TARGET_NAME)";
				TARGETED_DEVICE_FAMILY = "1,2";
				TEST_TARGET_NAME = WBMagicMoveTransition;
			};
			name = Debug;
		};
		324402592043F31E00120EDB /* Release */ = {
			isa = XCBuildConfiguration;
			buildSettings = {
				CODE_SIGN_STYLE = Automatic;
				DEVELOPMENT_TEAM = EY9TK3T3Z2;
				INFOPLIST_FILE = WBMagicMoveTransitionUITests/Info.plist;
				LD_RUNPATH_SEARCH_PATHS = "$(inherited) @executable_path/Frameworks @loader_path/Frameworks";
				PRODUCT_BUNDLE_IDENTIFIER = com.WBO.WBMagicMoveTransitionUITests;
				PRODUCT_NAME = "$(TARGET_NAME)";
				TARGETED_DEVICE_FAMILY = "1,2";
				TEST_TARGET_NAME = WBMagicMoveTransition;
			};
			name = Release;
		};
/* End XCBuildConfiguration section */

/* Begin XCConfigurationList section */
		324402202043F31E00120EDB /* Build configuration list for PBXProject "WBMagicMoveTransition" */ = {
			isa = XCConfigurationList;
			buildConfigurations = (
				3244024F2043F31E00120EDB /* Debug */,
				324402502043F31E00120EDB /* Release */,
			);
			defaultConfigurationIsVisible = 0;
			defaultConfigurationName = Release;
		};
		324402512043F31E00120EDB /* Build configuration list for PBXNativeTarget "WBMagicMoveTransition" */ = {
			isa = XCConfigurationList;
			buildConfigurations = (
				324402522043F31E00120EDB /* Debug */,
				324402532043F31E00120EDB /* Release */,
			);
			defaultConfigurationIsVisible = 0;
			defaultConfigurationName = Release;
		};
		324402542043F31E00120EDB /* Build configuration list for PBXNativeTarget "WBMagicMoveTransitionTests" */ = {
			isa = XCConfigurationList;
			buildConfigurations = (
				324402552043F31E00120EDB /* Debug */,
				324402562043F31E00120EDB /* Release */,
			);
			defaultConfigurationIsVisible = 0;
			defaultConfigurationName = Release;
		};
		324402572043F31E00120EDB /* Build configuration list for PBXNativeTarget "WBMagicMoveTransitionUITests" */ = {
			isa = XCConfigurationList;
			buildConfigurations = (
				324402582043F31E00120EDB /* Debug */,
				324402592043F31E00120EDB /* Release */,
			);
			defaultConfigurationIsVisible = 0;
			defaultConfigurationName = Release;
		};
/* End XCConfigurationList section */
	};
	rootObject = 3244021D2043F31E00120EDB /* Project object */;
}
